// !$*UTF8*$!
{
	archiveVersion = 1;
	classes = {
	};
	objectVersion = 56;
	objects = {

/* Begin PBXBuildFile section */
		2406A34E2B84B09D00C3A378 /* IngredientsView.swift in Sources */ = {isa = PBXBuildFile; fileRef = 2406A34D2B84B09D00C3A378 /* IngredientsView.swift */; };
		242DEFDF2BA4B3FD003AF5CE /* AddIngredientView.swift in Sources */ = {isa = PBXBuildFile; fileRef = 242DEFDE2BA4B3FD003AF5CE /* AddIngredientView.swift */; };
		24483A812B8DEEC1003697CD /* RecipeDetailView.swift in Sources */ = {isa = PBXBuildFile; fileRef = 24483A802B8DEEC1003697CD /* RecipeDetailView.swift */; };
		245D3E772B5FC52A0020D605 /* YummiApp.swift in Sources */ = {isa = PBXBuildFile; fileRef = 245D3E762B5FC52A0020D605 /* YummiApp.swift */; };
		245D3E792B5FC52A0020D605 /* ContentView.swift in Sources */ = {isa = PBXBuildFile; fileRef = 245D3E782B5FC52A0020D605 /* ContentView.swift */; };
		245D3E7B2B5FC52E0020D605 /* Assets.xcassets in Resources */ = {isa = PBXBuildFile; fileRef = 245D3E7A2B5FC52E0020D605 /* Assets.xcassets */; };
		245D3E7E2B5FC52E0020D605 /* Preview Assets.xcassets in Resources */ = {isa = PBXBuildFile; fileRef = 245D3E7D2B5FC52E0020D605 /* Preview Assets.xcassets */; };
		245D3E882B5FC52F0020D605 /* YummiTests.swift in Sources */ = {isa = PBXBuildFile; fileRef = 245D3E872B5FC52F0020D605 /* YummiTests.swift */; };
		245D3E922B5FC52F0020D605 /* YummiUITests.swift in Sources */ = {isa = PBXBuildFile; fileRef = 245D3E912B5FC52F0020D605 /* YummiUITests.swift */; };
		245D3E942B5FC52F0020D605 /* YummiUITestsLaunchTests.swift in Sources */ = {isa = PBXBuildFile; fileRef = 245D3E932B5FC52F0020D605 /* YummiUITestsLaunchTests.swift */; };
		245D3EA12B5FC7740020D605 /* Ingredient.swift in Sources */ = {isa = PBXBuildFile; fileRef = 245D3EA02B5FC7740020D605 /* Ingredient.swift */; };
		245D3EA52B5FD31F0020D605 /* DateMaker.swift in Sources */ = {isa = PBXBuildFile; fileRef = 245D3EA42B5FD31F0020D605 /* DateMaker.swift */; };
		2496D1C82BA99C8E00730550 /* RecipesViewModel.swift in Sources */ = {isa = PBXBuildFile; fileRef = 2496D1C72BA99C8E00730550 /* RecipesViewModel.swift */; };
		2496D1CA2BA9A27100730550 /* InventoryIngredient.swift in Sources */ = {isa = PBXBuildFile; fileRef = 2496D1C92BA9A27100730550 /* InventoryIngredient.swift */; };
		249B77532B723CFF00F4D865 /* Recipe.swift in Sources */ = {isa = PBXBuildFile; fileRef = 249B77522B723CFF00F4D865 /* Recipe.swift */; };
		249B77552B7244EA00F4D865 /* RecipesView.swift in Sources */ = {isa = PBXBuildFile; fileRef = 249B77542B7244EA00F4D865 /* RecipesView.swift */; };
		24AA8E5A2B90B45000958EEC /* IngredientsViewModel.swift in Sources */ = {isa = PBXBuildFile; fileRef = 24AA8E592B90B45000958EEC /* IngredientsViewModel.swift */; };
/* End PBXBuildFile section */

/* Begin PBXContainerItemProxy section */
		245D3E842B5FC52F0020D605 /* PBXContainerItemProxy */ = {
			isa = PBXContainerItemProxy;
			containerPortal = 245D3E6B2B5FC52A0020D605 /* Project object */;
			proxyType = 1;
			remoteGlobalIDString = 245D3E722B5FC52A0020D605;
			remoteInfo = Yummi;
		};
		245D3E8E2B5FC52F0020D605 /* PBXContainerItemProxy */ = {
			isa = PBXContainerItemProxy;
			containerPortal = 245D3E6B2B5FC52A0020D605 /* Project object */;
			proxyType = 1;
			remoteGlobalIDString = 245D3E722B5FC52A0020D605;
			remoteInfo = Yummi;
		};
/* End PBXContainerItemProxy section */

/* Begin PBXFileReference section */
		2406A34D2B84B09D00C3A378 /* IngredientsView.swift */ = {isa = PBXFileReference; lastKnownFileType = sourcecode.swift; path = IngredientsView.swift; sourceTree = "<group>"; };
		242DEFDE2BA4B3FD003AF5CE /* AddIngredientView.swift */ = {isa = PBXFileReference; lastKnownFileType = sourcecode.swift; path = AddIngredientView.swift; sourceTree = "<group>"; };
		24483A802B8DEEC1003697CD /* RecipeDetailView.swift */ = {isa = PBXFileReference; lastKnownFileType = sourcecode.swift; path = RecipeDetailView.swift; sourceTree = "<group>"; };
		245D3E732B5FC52A0020D605 /* Yummi.app */ = {isa = PBXFileReference; explicitFileType = wrapper.application; includeInIndex = 0; path = Yummi.app; sourceTree = BUILT_PRODUCTS_DIR; };
		245D3E762B5FC52A0020D605 /* YummiApp.swift */ = {isa = PBXFileReference; lastKnownFileType = sourcecode.swift; path = YummiApp.swift; sourceTree = "<group>"; };
		245D3E782B5FC52A0020D605 /* ContentView.swift */ = {isa = PBXFileReference; lastKnownFileType = sourcecode.swift; path = ContentView.swift; sourceTree = "<group>"; };
		245D3E7A2B5FC52E0020D605 /* Assets.xcassets */ = {isa = PBXFileReference; lastKnownFileType = folder.assetcatalog; path = Assets.xcassets; sourceTree = "<group>"; };
		245D3E7D2B5FC52E0020D605 /* Preview Assets.xcassets */ = {isa = PBXFileReference; lastKnownFileType = folder.assetcatalog; path = "Preview Assets.xcassets"; sourceTree = "<group>"; };
		245D3E832B5FC52F0020D605 /* YummiTests.xctest */ = {isa = PBXFileReference; explicitFileType = wrapper.cfbundle; includeInIndex = 0; path = YummiTests.xctest; sourceTree = BUILT_PRODUCTS_DIR; };
		245D3E872B5FC52F0020D605 /* YummiTests.swift */ = {isa = PBXFileReference; lastKnownFileType = sourcecode.swift; path = YummiTests.swift; sourceTree = "<group>"; };
		245D3E8D2B5FC52F0020D605 /* YummiUITests.xctest */ = {isa = PBXFileReference; explicitFileType = wrapper.cfbundle; includeInIndex = 0; path = YummiUITests.xctest; sourceTree = BUILT_PRODUCTS_DIR; };
		245D3E912B5FC52F0020D605 /* YummiUITests.swift */ = {isa = PBXFileReference; lastKnownFileType = sourcecode.swift; path = YummiUITests.swift; sourceTree = "<group>"; };
		245D3E932B5FC52F0020D605 /* YummiUITestsLaunchTests.swift */ = {isa = PBXFileReference; lastKnownFileType = sourcecode.swift; path = YummiUITestsLaunchTests.swift; sourceTree = "<group>"; };
		245D3EA02B5FC7740020D605 /* Ingredient.swift */ = {isa = PBXFileReference; lastKnownFileType = sourcecode.swift; path = Ingredient.swift; sourceTree = "<group>"; };
		245D3EA42B5FD31F0020D605 /* DateMaker.swift */ = {isa = PBXFileReference; lastKnownFileType = sourcecode.swift; path = DateMaker.swift; sourceTree = "<group>"; };
		2496D1C72BA99C8E00730550 /* RecipesViewModel.swift */ = {isa = PBXFileReference; lastKnownFileType = sourcecode.swift; path = RecipesViewModel.swift; sourceTree = "<group>"; };
		2496D1C92BA9A27100730550 /* InventoryIngredient.swift */ = {isa = PBXFileReference; lastKnownFileType = sourcecode.swift; path = InventoryIngredient.swift; sourceTree = "<group>"; };
		249B77522B723CFF00F4D865 /* Recipe.swift */ = {isa = PBXFileReference; lastKnownFileType = sourcecode.swift; path = Recipe.swift; sourceTree = "<group>"; };
		249B77542B7244EA00F4D865 /* RecipesView.swift */ = {isa = PBXFileReference; lastKnownFileType = sourcecode.swift; path = RecipesView.swift; sourceTree = "<group>"; };
		24AA8E592B90B45000958EEC /* IngredientsViewModel.swift */ = {isa = PBXFileReference; lastKnownFileType = sourcecode.swift; path = IngredientsViewModel.swift; sourceTree = "<group>"; };
/* End PBXFileReference section */

/* Begin PBXFrameworksBuildPhase section */
		245D3E702B5FC52A0020D605 /* Frameworks */ = {
			isa = PBXFrameworksBuildPhase;
			buildActionMask = 2147483647;
			files = (
			);
			runOnlyForDeploymentPostprocessing = 0;
		};
		245D3E802B5FC52F0020D605 /* Frameworks */ = {
			isa = PBXFrameworksBuildPhase;
			buildActionMask = 2147483647;
			files = (
			);
			runOnlyForDeploymentPostprocessing = 0;
		};
		245D3E8A2B5FC52F0020D605 /* Frameworks */ = {
			isa = PBXFrameworksBuildPhase;
			buildActionMask = 2147483647;
			files = (
			);
			runOnlyForDeploymentPostprocessing = 0;
		};
/* End PBXFrameworksBuildPhase section */

/* Begin PBXGroup section */
		245D3E6A2B5FC52A0020D605 = {
			isa = PBXGroup;
			children = (
				245D3E752B5FC52A0020D605 /* Yummi */,
				245D3E862B5FC52F0020D605 /* YummiTests */,
				245D3E902B5FC52F0020D605 /* YummiUITests */,
				245D3E742B5FC52A0020D605 /* Products */,
			);
			sourceTree = "<group>";
		};
		245D3E742B5FC52A0020D605 /* Products */ = {
			isa = PBXGroup;
			children = (
				245D3E732B5FC52A0020D605 /* Yummi.app */,
				245D3E832B5FC52F0020D605 /* YummiTests.xctest */,
				245D3E8D2B5FC52F0020D605 /* YummiUITests.xctest */,
			);
			name = Products;
			sourceTree = "<group>";
		};
		245D3E752B5FC52A0020D605 /* Yummi */ = {
			isa = PBXGroup;
			children = (
				24AA8E582B90B41800958EEC /* ViewModel */,
				24E5813B2B6D585700EA440E /* View */,
				24E5813A2B6D585100EA440E /* Model */,
				245D3E762B5FC52A0020D605 /* YummiApp.swift */,
				245D3E7A2B5FC52E0020D605 /* Assets.xcassets */,
				245D3E7C2B5FC52E0020D605 /* Preview Content */,
			);
			path = Yummi;
			sourceTree = "<group>";
		};
		245D3E7C2B5FC52E0020D605 /* Preview Content */ = {
			isa = PBXGroup;
			children = (
				245D3E7D2B5FC52E0020D605 /* Preview Assets.xcassets */,
			);
			path = "Preview Content";
			sourceTree = "<group>";
		};
		245D3E862B5FC52F0020D605 /* YummiTests */ = {
			isa = PBXGroup;
			children = (
				245D3E872B5FC52F0020D605 /* YummiTests.swift */,
			);
			path = YummiTests;
			sourceTree = "<group>";
		};
		245D3E902B5FC52F0020D605 /* YummiUITests */ = {
			isa = PBXGroup;
			children = (
				245D3E912B5FC52F0020D605 /* YummiUITests.swift */,
				245D3E932B5FC52F0020D605 /* YummiUITestsLaunchTests.swift */,
			);
			path = YummiUITests;
			sourceTree = "<group>";
		};
		24AA8E582B90B41800958EEC /* ViewModel */ = {
			isa = PBXGroup;
			children = (
				24AA8E592B90B45000958EEC /* IngredientsViewModel.swift */,
				2496D1C72BA99C8E00730550 /* RecipesViewModel.swift */,
			);
			path = ViewModel;
			sourceTree = "<group>";
		};
		24E5813A2B6D585100EA440E /* Model */ = {
			isa = PBXGroup;
			children = (
				245D3EA02B5FC7740020D605 /* Ingredient.swift */,
				245D3EA42B5FD31F0020D605 /* DateMaker.swift */,
				249B77522B723CFF00F4D865 /* Recipe.swift */,
				2496D1C92BA9A27100730550 /* InventoryIngredient.swift */,
			);
			path = Model;
			sourceTree = "<group>";
		};
		24E5813B2B6D585700EA440E /* View */ = {
			isa = PBXGroup;
			children = (
				245D3E782B5FC52A0020D605 /* ContentView.swift */,
				249B77542B7244EA00F4D865 /* RecipesView.swift */,
				2406A34D2B84B09D00C3A378 /* IngredientsView.swift */,
				24483A802B8DEEC1003697CD /* RecipeDetailView.swift */,
				242DEFDE2BA4B3FD003AF5CE /* AddIngredientView.swift */,
			);
			path = View;
			sourceTree = "<group>";
		};
/* End PBXGroup section */

/* Begin PBXNativeTarget section */
		245D3E722B5FC52A0020D605 /* Yummi */ = {
			isa = PBXNativeTarget;
			buildConfigurationList = 245D3E972B5FC52F0020D605 /* Build configuration list for PBXNativeTarget "Yummi" */;
			buildPhases = (
				245D3E6F2B5FC52A0020D605 /* Sources */,
				245D3E702B5FC52A0020D605 /* Frameworks */,
				245D3E712B5FC52A0020D605 /* Resources */,
			);
			buildRules = (
			);
			dependencies = (
			);
			name = Yummi;
			productName = Yummi;
			productReference = 245D3E732B5FC52A0020D605 /* Yummi.app */;
			productType = "com.apple.product-type.application";
		};
		245D3E822B5FC52F0020D605 /* YummiTests */ = {
			isa = PBXNativeTarget;
			buildConfigurationList = 245D3E9A2B5FC52F0020D605 /* Build configuration list for PBXNativeTarget "YummiTests" */;
			buildPhases = (
				245D3E7F2B5FC52F0020D605 /* Sources */,
				245D3E802B5FC52F0020D605 /* Frameworks */,
				245D3E812B5FC52F0020D605 /* Resources */,
			);
			buildRules = (
			);
			dependencies = (
				245D3E852B5FC52F0020D605 /* PBXTargetDependency */,
			);
			name = YummiTests;
			productName = YummiTests;
			productReference = 245D3E832B5FC52F0020D605 /* YummiTests.xctest */;
			productType = "com.apple.product-type.bundle.unit-test";
		};
		245D3E8C2B5FC52F0020D605 /* YummiUITests */ = {
			isa = PBXNativeTarget;
			buildConfigurationList = 245D3E9D2B5FC52F0020D605 /* Build configuration list for PBXNativeTarget "YummiUITests" */;
			buildPhases = (
				245D3E892B5FC52F0020D605 /* Sources */,
				245D3E8A2B5FC52F0020D605 /* Frameworks */,
				245D3E8B2B5FC52F0020D605 /* Resources */,
			);
			buildRules = (
			);
			dependencies = (
				245D3E8F2B5FC52F0020D605 /* PBXTargetDependency */,
			);
			name = YummiUITests;
			productName = YummiUITests;
			productReference = 245D3E8D2B5FC52F0020D605 /* YummiUITests.xctest */;
			productType = "com.apple.product-type.bundle.ui-testing";
		};
/* End PBXNativeTarget section */

/* Begin PBXProject section */
		245D3E6B2B5FC52A0020D605 /* Project object */ = {
			isa = PBXProject;
			attributes = {
				BuildIndependentTargetsInParallel = 1;
				LastSwiftUpdateCheck = 1520;
				LastUpgradeCheck = 1520;
				TargetAttributes = {
					245D3E722B5FC52A0020D605 = {
						CreatedOnToolsVersion = 15.2;
					};
					245D3E822B5FC52F0020D605 = {
						CreatedOnToolsVersion = 15.2;
						TestTargetID = 245D3E722B5FC52A0020D605;
					};
					245D3E8C2B5FC52F0020D605 = {
						CreatedOnToolsVersion = 15.2;
						TestTargetID = 245D3E722B5FC52A0020D605;
					};
				};
			};
			buildConfigurationList = 245D3E6E2B5FC52A0020D605 /* Build configuration list for PBXProject "Yummi" */;
			compatibilityVersion = "Xcode 14.0";
			developmentRegion = en;
			hasScannedForEncodings = 0;
			knownRegions = (
				en,
				Base,
			);
			mainGroup = 245D3E6A2B5FC52A0020D605;
			productRefGroup = 245D3E742B5FC52A0020D605 /* Products */;
			projectDirPath = "";
			projectRoot = "";
			targets = (
				245D3E722B5FC52A0020D605 /* Yummi */,
				245D3E822B5FC52F0020D605 /* YummiTests */,
				245D3E8C2B5FC52F0020D605 /* YummiUITests */,
			);
		};
/* End PBXProject section */

/* Begin PBXResourcesBuildPhase section */
		245D3E712B5FC52A0020D605 /* Resources */ = {
			isa = PBXResourcesBuildPhase;
			buildActionMask = 2147483647;
			files = (
				245D3E7E2B5FC52E0020D605 /* Preview Assets.xcassets in Resources */,
				245D3E7B2B5FC52E0020D605 /* Assets.xcassets in Resources */,
			);
			runOnlyForDeploymentPostprocessing = 0;
		};
		245D3E812B5FC52F0020D605 /* Resources */ = {
			isa = PBXResourcesBuildPhase;
			buildActionMask = 2147483647;
			files = (
			);
			runOnlyForDeploymentPostprocessing = 0;
		};
		245D3E8B2B5FC52F0020D605 /* Resources */ = {
			isa = PBXResourcesBuildPhase;
			buildActionMask = 2147483647;
			files = (
			);
			runOnlyForDeploymentPostprocessing = 0;
		};
/* End PBXResourcesBuildPhase section */

/* Begin PBXSourcesBuildPhase section */
		245D3E6F2B5FC52A0020D605 /* Sources */ = {
			isa = PBXSourcesBuildPhase;
			buildActionMask = 2147483647;
			files = (
				245D3EA52B5FD31F0020D605 /* DateMaker.swift in Sources */,
				245D3E792B5FC52A0020D605 /* ContentView.swift in Sources */,
				24AA8E5A2B90B45000958EEC /* IngredientsViewModel.swift in Sources */,
				2496D1CA2BA9A27100730550 /* InventoryIngredient.swift in Sources */,
				2496D1C82BA99C8E00730550 /* RecipesViewModel.swift in Sources */,
				249B77532B723CFF00F4D865 /* Recipe.swift in Sources */,
				245D3E772B5FC52A0020D605 /* YummiApp.swift in Sources */,
				245D3EA12B5FC7740020D605 /* Ingredient.swift in Sources */,
				242DEFDF2BA4B3FD003AF5CE /* AddIngredientView.swift in Sources */,
				249B77552B7244EA00F4D865 /* RecipesView.swift in Sources */,
				2406A34E2B84B09D00C3A378 /* IngredientsView.swift in Sources */,
				24483A812B8DEEC1003697CD /* RecipeDetailView.swift in Sources */,
			);
			runOnlyForDeploymentPostprocessing = 0;
		};
		245D3E7F2B5FC52F0020D605 /* Sources */ = {
			isa = PBXSourcesBuildPhase;
			buildActionMask = 2147483647;
			files = (
				245D3E882B5FC52F0020D605 /* YummiTests.swift in Sources */,
			);
			runOnlyForDeploymentPostprocessing = 0;
		};
		245D3E892B5FC52F0020D605 /* Sources */ = {
			isa = PBXSourcesBuildPhase;
			buildActionMask = 2147483647;
			files = (
				245D3E942B5FC52F0020D605 /* YummiUITestsLaunchTests.swift in Sources */,
				245D3E922B5FC52F0020D605 /* YummiUITests.swift in Sources */,
			);
			runOnlyForDeploymentPostprocessing = 0;
		};
/* End PBXSourcesBuildPhase section */

/* Begin PBXTargetDependency section */
		245D3E852B5FC52F0020D605 /* PBXTargetDependency */ = {
			isa = PBXTargetDependency;
			target = 245D3E722B5FC52A0020D605 /* Yummi */;
			targetProxy = 245D3E842B5FC52F0020D605 /* PBXContainerItemProxy */;
		};
		245D3E8F2B5FC52F0020D605 /* PBXTargetDependency */ = {
			isa = PBXTargetDependency;
			target = 245D3E722B5FC52A0020D605 /* Yummi */;
			targetProxy = 245D3E8E2B5FC52F0020D605 /* PBXContainerItemProxy */;
		};
/* End PBXTargetDependency section */

/* Begin XCBuildConfiguration section */
		245D3E952B5FC52F0020D605 /* Debug */ = {
			isa = XCBuildConfiguration;
			buildSettings = {
				ALWAYS_SEARCH_USER_PATHS = NO;
				ASSETCATALOG_COMPILER_GENERATE_SWIFT_ASSET_SYMBOL_EXTENSIONS = YES;
				CLANG_ANALYZER_NONNULL = YES;
				CLANG_ANALYZER_NUMBER_OBJECT_CONVERSION = YES_AGGRESSIVE;
				CLANG_CXX_LANGUAGE_STANDARD = "gnu++20";
				CLANG_ENABLE_MODULES = YES;
				CLANG_ENABLE_OBJC_ARC = YES;
				CLANG_ENABLE_OBJC_WEAK = YES;
				CLANG_WARN_BLOCK_CAPTURE_AUTORELEASING = YES;
				CLANG_WARN_BOOL_CONVERSION = YES;
				CLANG_WARN_COMMA = YES;
				CLANG_WARN_CONSTANT_CONVERSION = YES;
				CLANG_WARN_DEPRECATED_OBJC_IMPLEMENTATIONS = YES;
				CLANG_WARN_DIRECT_OBJC_ISA_USAGE = YES_ERROR;
				CLANG_WARN_DOCUMENTATION_COMMENTS = YES;
				CLANG_WARN_EMPTY_BODY = YES;
				CLANG_WARN_ENUM_CONVERSION = YES;
				CLANG_WARN_INFINITE_RECURSION = YES;
				CLANG_WARN_INT_CONVERSION = YES;
				CLANG_WARN_NON_LITERAL_NULL_CONVERSION = YES;
				CLANG_WARN_OBJC_IMPLICIT_RETAIN_SELF = YES;
				CLANG_WARN_OBJC_LITERAL_CONVERSION = YES;
				CLANG_WARN_OBJC_ROOT_CLASS = YES_ERROR;
				CLANG_WARN_QUOTED_INCLUDE_IN_FRAMEWORK_HEADER = YES;
				CLANG_WARN_RANGE_LOOP_ANALYSIS = YES;
				CLANG_WARN_STRICT_PROTOTYPES = YES;
				CLANG_WARN_SUSPICIOUS_MOVE = YES;
				CLANG_WARN_UNGUARDED_AVAILABILITY = YES_AGGRESSIVE;
				CLANG_WARN_UNREACHABLE_CODE = YES;
				CLANG_WARN__DUPLICATE_METHOD_MATCH = YES;
				COPY_PHASE_STRIP = NO;
				DEBUG_INFORMATION_FORMAT = dwarf;
				ENABLE_STRICT_OBJC_MSGSEND = YES;
				ENABLE_TESTABILITY = YES;
				ENABLE_USER_SCRIPT_SANDBOXING = YES;
				GCC_C_LANGUAGE_STANDARD = gnu17;
				GCC_DYNAMIC_NO_PIC = NO;
				GCC_NO_COMMON_BLOCKS = YES;
				GCC_OPTIMIZATION_LEVEL = 0;
				GCC_PREPROCESSOR_DEFINITIONS = (
					"DEBUG=1",
					"$(inherited)",
				);
				GCC_WARN_64_TO_32_BIT_CONVERSION = YES;
				GCC_WARN_ABOUT_RETURN_TYPE = YES_ERROR;
				GCC_WARN_UNDECLARED_SELECTOR = YES;
				GCC_WARN_UNINITIALIZED_AUTOS = YES_AGGRESSIVE;
				GCC_WARN_UNUSED_FUNCTION = YES;
				GCC_WARN_UNUSED_VARIABLE = YES;
				IPHONEOS_DEPLOYMENT_TARGET = 17.2;
				LOCALIZATION_PREFERS_STRING_CATALOGS = YES;
				MTL_ENABLE_DEBUG_INFO = INCLUDE_SOURCE;
				MTL_FAST_MATH = YES;
				ONLY_ACTIVE_ARCH = YES;
				SDKROOT = iphoneos;
				SWIFT_ACTIVE_COMPILATION_CONDITIONS = "DEBUG $(inherited)";
				SWIFT_OPTIMIZATION_LEVEL = "-Onone";
			};
			name = Debug;
		};
		245D3E962B5FC52F0020D605 /* Release */ = {
			isa = XCBuildConfiguration;
			buildSettings = {
				ALWAYS_SEARCH_USER_PATHS = NO;
				ASSETCATALOG_COMPILER_GENERATE_SWIFT_ASSET_SYMBOL_EXTENSIONS = YES;
				CLANG_ANALYZER_NONNULL = YES;
				CLANG_ANALYZER_NUMBER_OBJECT_CONVERSION = YES_AGGRESSIVE;
				CLANG_CXX_LANGUAGE_STANDARD = "gnu++20";
				CLANG_ENABLE_MODULES = YES;
				CLANG_ENABLE_OBJC_ARC = YES;
				CLANG_ENABLE_OBJC_WEAK = YES;
				CLANG_WARN_BLOCK_CAPTURE_AUTORELEASING = YES;
				CLANG_WARN_BOOL_CONVERSION = YES;
				CLANG_WARN_COMMA = YES;
				CLANG_WARN_CONSTANT_CONVERSION = YES;
				CLANG_WARN_DEPRECATED_OBJC_IMPLEMENTATIONS = YES;
				CLANG_WARN_DIRECT_OBJC_ISA_USAGE = YES_ERROR;
				CLANG_WARN_DOCUMENTATION_COMMENTS = YES;
				CLANG_WARN_EMPTY_BODY = YES;
				CLANG_WARN_ENUM_CONVERSION = YES;
				CLANG_WARN_INFINITE_RECURSION = YES;
				CLANG_WARN_INT_CONVERSION = YES;
				CLANG_WARN_NON_LITERAL_NULL_CONVERSION = YES;
				CLANG_WARN_OBJC_IMPLICIT_RETAIN_SELF = YES;
				CLANG_WARN_OBJC_LITERAL_CONVERSION = YES;
				CLANG_WARN_OBJC_ROOT_CLASS = YES_ERROR;
				CLANG_WARN_QUOTED_INCLUDE_IN_FRAMEWORK_HEADER = YES;
				CLANG_WARN_RANGE_LOOP_ANALYSIS = YES;
				CLANG_WARN_STRICT_PROTOTYPES = YES;
				CLANG_WARN_SUSPICIOUS_MOVE = YES;
				CLANG_WARN_UNGUARDED_AVAILABILITY = YES_AGGRESSIVE;
				CLANG_WARN_UNREACHABLE_CODE = YES;
				CLANG_WARN__DUPLICATE_METHOD_MATCH = YES;
				COPY_PHASE_STRIP = NO;
				DEBUG_INFORMATION_FORMAT = "dwarf-with-dsym";
				ENABLE_NS_ASSERTIONS = NO;
				ENABLE_STRICT_OBJC_MSGSEND = YES;
				ENABLE_USER_SCRIPT_SANDBOXING = YES;
				GCC_C_LANGUAGE_STANDARD = gnu17;
				GCC_NO_COMMON_BLOCKS = YES;
				GCC_WARN_64_TO_32_BIT_CONVERSION = YES;
				GCC_WARN_ABOUT_RETURN_TYPE = YES_ERROR;
				GCC_WARN_UNDECLARED_SELECTOR = YES;
				GCC_WARN_UNINITIALIZED_AUTOS = YES_AGGRESSIVE;
				GCC_WARN_UNUSED_FUNCTION = YES;
				GCC_WARN_UNUSED_VARIABLE = YES;
				IPHONEOS_DEPLOYMENT_TARGET = 17.2;
				LOCALIZATION_PREFERS_STRING_CATALOGS = YES;
				MTL_ENABLE_DEBUG_INFO = NO;
				MTL_FAST_MATH = YES;
				SDKROOT = iphoneos;
				SWIFT_COMPILATION_MODE = wholemodule;
				VALIDATE_PRODUCT = YES;
			};
			name = Release;
		};
		245D3E982B5FC52F0020D605 /* Debug */ = {
			isa = XCBuildConfiguration;
			buildSettings = {
				ASSETCATALOG_COMPILER_APPICON_NAME = AppIcon;
				ASSETCATALOG_COMPILER_GLOBAL_ACCENT_COLOR_NAME = AccentColor;
				CODE_SIGN_STYLE = Automatic;
				CURRENT_PROJECT_VERSION = 1;
				DEVELOPMENT_ASSET_PATHS = "\"Yummi/Preview Content\"";
				ENABLE_PREVIEWS = YES;
				GENERATE_INFOPLIST_FILE = YES;
				INFOPLIST_KEY_UIApplicationSceneManifest_Generation = YES;
				INFOPLIST_KEY_UIApplicationSupportsIndirectInputEvents = YES;
				INFOPLIST_KEY_UILaunchScreen_Generation = YES;
				INFOPLIST_KEY_UISupportedInterfaceOrientations_iPad = "UIInterfaceOrientationPortrait UIInterfaceOrientationPortraitUpsideDown UIInterfaceOrientationLandscapeLeft UIInterfaceOrientationLandscapeRight";
				INFOPLIST_KEY_UISupportedInterfaceOrientations_iPhone = "UIInterfaceOrientationPortrait UIInterfaceOrientationLandscapeLeft UIInterfaceOrientationLandscapeRight";
				LD_RUNPATH_SEARCH_PATHS = (
					"$(inherited)",
					"@executable_path/Frameworks",
				);
				MARKETING_VERSION = 1.0;
				PRODUCT_BUNDLE_IDENTIFIER = com.joshkim.Yummi;
				PRODUCT_NAME = "$(TARGET_NAME)";
				SWIFT_EMIT_LOC_STRINGS = YES;
				SWIFT_VERSION = 5.0;
				TARGETED_DEVICE_FAMILY = "1,2";
			};
			name = Debug;
		};
		245D3E992B5FC52F0020D605 /* Release */ = {
			isa = XCBuildConfiguration;
			buildSettings = {
				ASSETCATALOG_COMPILER_APPICON_NAME = AppIcon;
				ASSETCATALOG_COMPILER_GLOBAL_ACCENT_COLOR_NAME = AccentColor;
				CODE_SIGN_STYLE = Automatic;
				CURRENT_PROJECT_VERSION = 1;
				DEVELOPMENT_ASSET_PATHS = "\"Yummi/Preview Content\"";
				ENABLE_PREVIEWS = YES;
				GENERATE_INFOPLIST_FILE = YES;
				INFOPLIST_KEY_UIApplicationSceneManifest_Generation = YES;
				INFOPLIST_KEY_UIApplicationSupportsIndirectInputEvents = YES;
				INFOPLIST_KEY_UILaunchScreen_Generation = YES;
				INFOPLIST_KEY_UISupportedInterfaceOrientations_iPad = "UIInterfaceOrientationPortrait UIInterfaceOrientationPortraitUpsideDown UIInterfaceOrientationLandscapeLeft UIInterfaceOrientationLandscapeRight";
				INFOPLIST_KEY_UISupportedInterfaceOrientations_iPhone = "UIInterfaceOrientationPortrait UIInterfaceOrientationLandscapeLeft UIInterfaceOrientationLandscapeRight";
				LD_RUNPATH_SEARCH_PATHS = (
					"$(inherited)",
					"@executable_path/Frameworks",
				);
				MARKETING_VERSION = 1.0;
				PRODUCT_BUNDLE_IDENTIFIER = com.joshkim.Yummi;
				PRODUCT_NAME = "$(TARGET_NAME)";
				SWIFT_EMIT_LOC_STRINGS = YES;
				SWIFT_VERSION = 5.0;
				TARGETED_DEVICE_FAMILY = "1,2";
			};
			name = Release;
		};
		245D3E9B2B5FC52F0020D605 /* Debug */ = {
			isa = XCBuildConfiguration;
			buildSettings = {
				ALWAYS_EMBED_SWIFT_STANDARD_LIBRARIES = YES;
				BUNDLE_LOADER = "$(TEST_HOST)";
				CODE_SIGN_STYLE = Automatic;
				CURRENT_PROJECT_VERSION = 1;
				GENERATE_INFOPLIST_FILE = YES;
				IPHONEOS_DEPLOYMENT_TARGET = 17.2;
				MARKETING_VERSION = 1.0;
				PRODUCT_BUNDLE_IDENTIFIER = com.joshkim.YummiTests;
				PRODUCT_NAME = "$(TARGET_NAME)";
				SWIFT_EMIT_LOC_STRINGS = NO;
				SWIFT_VERSION = 5.0;
				TARGETED_DEVICE_FAMILY = "1,2";
				TEST_HOST = "$(BUILT_PRODUCTS_DIR)/Yummi.app/$(BUNDLE_EXECUTABLE_FOLDER_PATH)/Yummi";
			};
			name = Debug;
		};
		245D3E9C2B5FC52F0020D605 /* Release */ = {
			isa = XCBuildConfiguration;
			buildSettings = {
				ALWAYS_EMBED_SWIFT_STANDARD_LIBRARIES = YES;
				BUNDLE_LOADER = "$(TEST_HOST)";
				CODE_SIGN_STYLE = Automatic;
				CURRENT_PROJECT_VERSION = 1;
				GENERATE_INFOPLIST_FILE = YES;
				IPHONEOS_DEPLOYMENT_TARGET = 17.2;
				MARKETING_VERSION = 1.0;
				PRODUCT_BUNDLE_IDENTIFIER = com.joshkim.YummiTests;
				PRODUCT_NAME = "$(TARGET_NAME)";
				SWIFT_EMIT_LOC_STRINGS = NO;
				SWIFT_VERSION = 5.0;
				TARGETED_DEVICE_FAMILY = "1,2";
				TEST_HOST = "$(BUILT_PRODUCTS_DIR)/Yummi.app/$(BUNDLE_EXECUTABLE_FOLDER_PATH)/Yummi";
			};
			name = Release;
		};
		245D3E9E2B5FC52F0020D605 /* Debug */ = {
			isa = XCBuildConfiguration;
			buildSettings = {
				ALWAYS_EMBED_SWIFT_STANDARD_LIBRARIES = YES;
				CODE_SIGN_STYLE = Automatic;
				CURRENT_PROJECT_VERSION = 1;
				GENERATE_INFOPLIST_FILE = YES;
				MARKETING_VERSION = 1.0;
				PRODUCT_BUNDLE_IDENTIFIER = com.joshkim.YummiUITests;
				PRODUCT_NAME = "$(TARGET_NAME)";
				SWIFT_EMIT_LOC_STRINGS = NO;
				SWIFT_VERSION = 5.0;
				TARGETED_DEVICE_FAMILY = "1,2";
				TEST_TARGET_NAME = Yummi;
			};
			name = Debug;
		};
		245D3E9F2B5FC52F0020D605 /* Release */ = {
			isa = XCBuildConfiguration;
			buildSettings = {
				ALWAYS_EMBED_SWIFT_STANDARD_LIBRARIES = YES;
				CODE_SIGN_STYLE = Automatic;
				CURRENT_PROJECT_VERSION = 1;
				GENERATE_INFOPLIST_FILE = YES;
				MARKETING_VERSION = 1.0;
				PRODUCT_BUNDLE_IDENTIFIER = com.joshkim.YummiUITests;
				PRODUCT_NAME = "$(TARGET_NAME)";
				SWIFT_EMIT_LOC_STRINGS = NO;
				SWIFT_VERSION = 5.0;
				TARGETED_DEVICE_FAMILY = "1,2";
				TEST_TARGET_NAME = Yummi;
			};
			name = Release;
		};
/* End XCBuildConfiguration section */

/* Begin XCConfigurationList section */
		245D3E6E2B5FC52A0020D605 /* Build configuration list for PBXProject "Yummi" */ = {
			isa = XCConfigurationList;
			buildConfigurations = (
				245D3E952B5FC52F0020D605 /* Debug */,
				245D3E962B5FC52F0020D605 /* Release */,
			);
			defaultConfigurationIsVisible = 0;
			defaultConfigurationName = Release;
		};
		245D3E972B5FC52F0020D605 /* Build configuration list for PBXNativeTarget "Yummi" */ = {
			isa = XCConfigurationList;
			buildConfigurations = (
				245D3E982B5FC52F0020D605 /* Debug */,
				245D3E992B5FC52F0020D605 /* Release */,
			);
			defaultConfigurationIsVisible = 0;
			defaultConfigurationName = Release;
		};
		245D3E9A2B5FC52F0020D605 /* Build configuration list for PBXNativeTarget "YummiTests" */ = {
			isa = XCConfigurationList;
			buildConfigurations = (
				245D3E9B2B5FC52F0020D605 /* Debug */,
				245D3E9C2B5FC52F0020D605 /* Release */,
			);
			defaultConfigurationIsVisible = 0;
			defaultConfigurationName = Release;
		};
		245D3E9D2B5FC52F0020D605 /* Build configuration list for PBXNativeTarget "YummiUITests" */ = {
			isa = XCConfigurationList;
			buildConfigurations = (
				245D3E9E2B5FC52F0020D605 /* Debug */,
				245D3E9F2B5FC52F0020D605 /* Release */,
			);
			defaultConfigurationIsVisible = 0;
			defaultConfigurationName = Release;
		};
/* End XCConfigurationList section */
	};
	rootObject = 245D3E6B2B5FC52A0020D605 /* Project object */;
}
